
Microsoft Visual Studio Solution File, Format Version 12.00
# Visual Studio 14
VisualStudioVersion = 14.0.25420.1
MinimumVisualStudioVersion = 10.0.40219.1
Project("{FAE04EC0-301F-11D3-BF4B-00C04F79EFBC}") = "FlowerWebStore", "FlowerWebStore\FlowerWebStore.csproj", "{75A9D525-7632-451A-8789-11F9F3247821}"
EndProject
Project("{FAE04EC0-301F-11D3-BF4B-00C04F79EFBC}") = "FlowerWebStore.Tests", "FlowerWebStore.Tests\FlowerWebStore.Tests.csproj", "{D4F44C10-A55A-4733-A2C8-A5C75466A4E5}"
EndProject
Global
	GlobalSection(SolutionConfigurationPlatforms) = preSolution
		Debug|Any CPU = Debug|Any CPU
		Release|Any CPU = Release|Any CPU
	EndGlobalSection
	GlobalSection(ProjectConfigurationPlatforms) = postSolution
		{75A9D525-7632-451A-8789-11F9F3247821}.Debug|Any CPU.ActiveCfg = Debug|Any CPU
		{75A9D525-7632-451A-8789-11F9F3247821}.Debug|Any CPU.Build.0 = Debug|Any CPU
		{75A9D525-7632-451A-8789-11F9F3247821}.Release|Any CPU.ActiveCfg = Release|Any CPU
		{75A9D525-7632-451A-8789-11F9F3247821}.Release|Any CPU.Build.0 = Release|Any CPU
		{D4F44C10-A55A-4733-A2C8-A5C75466A4E5}.Debug|Any CPU.ActiveCfg = Debug|Any CPU
		{D4F44C10-A55A-4733-A2C8-A5C75466A4E5}.Debug|Any CPU.Build.0 = Debug|Any CPU
		{D4F44C10-A55A-4733-A2C8-A5C75466A4E5}.Release|Any CPU.ActiveCfg = Release|Any CPU
		{D4F44C10-A55A-4733-A2C8-A5C75466A4E5}.Release|Any CPU.Build.0 = Release|Any CPU
	EndGlobalSection
	GlobalSection(SolutionProperties) = preSolution
		HideSolutionNode = FALSE
	EndGlobalSection
EndGlobal
